
Microsoft Visual Studio Solution File, Format Version 12.00
# Visual Studio Version 17
VisualStudioVersion = 17.9.34616.47
MinimumVisualStudioVersion = 10.0.40219.1
Project("{9A19103F-16F7-4668-BE54-9A1E7A4F7556}") = "EuropaDkpParser", "EuropaDkpParser\EuropaDkpParser.csproj", "{DBF457AC-C6CF-4277-BDAA-4745E19E692A}"
EndProject
Project("{2150E333-8FDC-42A3-9474-1A3956D46DE8}") = "SolutionItems", "SolutionItems", "{F07E21B7-E6AB-41AE-8143-BE3FA2F51BA3}"
	ProjectSection(SolutionItems) = preProject
		.editorconfig = .editorconfig
	EndProjectSection
EndProject
Project("{9A19103F-16F7-4668-BE54-9A1E7A4F7556}") = "DkpParser", "DkpParser\DkpParser.csproj", "{01651957-30DA-4EE2-B6B0-9479758FB21C}"
EndProject
Project("{FAE04EC0-301F-11D3-BF4B-00C04F79EFBC}") = "DkpParserTest", "DkpParserTest\DkpParserTest.csproj", "{2320B63D-0092-4459-886A-1A03B2D2FC1C}"
EndProject
Global
	GlobalSection(SolutionConfigurationPlatforms) = preSolution
		Debug|Any CPU = Debug|Any CPU
		Release|Any CPU = Release|Any CPU
	EndGlobalSection
	GlobalSection(ProjectConfigurationPlatforms) = postSolution
		{DBF457AC-C6CF-4277-BDAA-4745E19E692A}.Debug|Any CPU.ActiveCfg = Debug|Any CPU
		{DBF457AC-C6CF-4277-BDAA-4745E19E692A}.Debug|Any CPU.Build.0 = Debug|Any CPU
		{DBF457AC-C6CF-4277-BDAA-4745E19E692A}.Release|Any CPU.ActiveCfg = Release|Any CPU
		{DBF457AC-C6CF-4277-BDAA-4745E19E692A}.Release|Any CPU.Build.0 = Release|Any CPU
		{01651957-30DA-4EE2-B6B0-9479758FB21C}.Debug|Any CPU.ActiveCfg = Debug|Any CPU
		{01651957-30DA-4EE2-B6B0-9479758FB21C}.Debug|Any CPU.Build.0 = Debug|Any CPU
		{01651957-30DA-4EE2-B6B0-9479758FB21C}.Release|Any CPU.ActiveCfg = Release|Any CPU
		{01651957-30DA-4EE2-B6B0-9479758FB21C}.Release|Any CPU.Build.0 = Release|Any CPU
		{2320B63D-0092-4459-886A-1A03B2D2FC1C}.Debug|Any CPU.ActiveCfg = Debug|Any CPU
		{2320B63D-0092-4459-886A-1A03B2D2FC1C}.Debug|Any CPU.Build.0 = Debug|Any CPU
		{2320B63D-0092-4459-886A-1A03B2D2FC1C}.Release|Any CPU.ActiveCfg = Release|Any CPU
		{2320B63D-0092-4459-886A-1A03B2D2FC1C}.Release|Any CPU.Build.0 = Release|Any CPU
	EndGlobalSection
	GlobalSection(SolutionProperties) = preSolution
		HideSolutionNode = FALSE
	EndGlobalSection
	GlobalSection(ExtensibilityGlobals) = postSolution
		SolutionGuid = {14117970-D2B1-493B-B25C-A77AD842E956}
	EndGlobalSection
EndGlobal
