
Microsoft Visual Studio Solution File, Format Version 12.00
# Visual Studio Version 17
VisualStudioVersion = 17.9.34616.47
MinimumVisualStudioVersion = 10.0.40219.1
Project("{FAE04EC0-301F-11D3-BF4B-00C04F79EFBC}") = "EuropaDkpParser", "EuropaDkpParser\EuropaDkpParser.csproj", "{DBF457AC-C6CF-4277-BDAA-4745E19E692A}"
EndProject
Project("{2150E333-8FDC-42A3-9474-1A3956D46DE8}") = "SolutionItems", "SolutionItems", "{F07E21B7-E6AB-41AE-8143-BE3FA2F51BA3}"
	ProjectSection(SolutionItems) = preProject
		.editorconfig = .editorconfig
	EndProjectSection
EndProject
Global
	GlobalSection(SolutionConfigurationPlatforms) = preSolution
		Debug|Any CPU = Debug|Any CPU
		Release|Any CPU = Release|Any CPU
	EndGlobalSection
	GlobalSection(ProjectConfigurationPlatforms) = postSolution
		{DBF457AC-C6CF-4277-BDAA-4745E19E692A}.Debug|Any CPU.ActiveCfg = Debug|Any CPU
		{DBF457AC-C6CF-4277-BDAA-4745E19E692A}.Debug|Any CPU.Build.0 = Debug|Any CPU
		{DBF457AC-C6CF-4277-BDAA-4745E19E692A}.Release|Any CPU.ActiveCfg = Release|Any CPU
		{DBF457AC-C6CF-4277-BDAA-4745E19E692A}.Release|Any CPU.Build.0 = Release|Any CPU
	EndGlobalSection
	GlobalSection(SolutionProperties) = preSolution
		HideSolutionNode = FALSE
	EndGlobalSection
	GlobalSection(ExtensibilityGlobals) = postSolution
		SolutionGuid = {14117970-D2B1-493B-B25C-A77AD842E956}
	EndGlobalSection
EndGlobal
